// !$*UTF8*$!
{
	archiveVersion = 1;
	classes = {
	};
	objectVersion = 55;
	objects = {

/* Begin PBXBuildFile section */
		C01C56102A12A72D0067D960 /* AppDelegate.m in Sources */ = {isa = PBXBuildFile; fileRef = C01C560F2A12A72D0067D960 /* AppDelegate.m */; };
		C01C56132A12A72D0067D960 /* SceneDelegate.m in Sources */ = {isa = PBXBuildFile; fileRef = C01C56122A12A72D0067D960 /* SceneDelegate.m */; };
		C01C56162A12A72D0067D960 /* ViewController.m in Sources */ = {isa = PBXBuildFile; fileRef = C01C56152A12A72D0067D960 /* ViewController.m */; };
		C01C56192A12A72D0067D960 /* Main.storyboard in Resources */ = {isa = PBXBuildFile; fileRef = C01C56172A12A72D0067D960 /* Main.storyboard */; };
		C01C561B2A12A72E0067D960 /* Assets.xcassets in Resources */ = {isa = PBXBuildFile; fileRef = C01C561A2A12A72E0067D960 /* Assets.xcassets */; };
		C01C561E2A12A72E0067D960 /* LaunchScreen.storyboard in Resources */ = {isa = PBXBuildFile; fileRef = C01C561C2A12A72E0067D960 /* LaunchScreen.storyboard */; };
		C01C56212A12A72E0067D960 /* main.m in Sources */ = {isa = PBXBuildFile; fileRef = C01C56202A12A72E0067D960 /* main.m */; };
		C01C56322A12B0D60067D960 /* ModelNote.m in Sources */ = {isa = PBXBuildFile; fileRef = C01C56312A12B0D60067D960 /* ModelNote.m */; };
		C01C56382A12B8450067D960 /* NotesListViewController.m in Sources */ = {isa = PBXBuildFile; fileRef = C01C56372A12B8450067D960 /* NotesListViewController.m */; };
		C01C563E2A12CE4D0067D960 /* AppModel.xcdatamodeld in Sources */ = {isa = PBXBuildFile; fileRef = C01C563C2A12CE4D0067D960 /* AppModel.xcdatamodeld */; };
		C01C566D2A12F1F70067D960 /* NotePersistance.swift in Sources */ = {isa = PBXBuildFile; fileRef = C01C566C2A12F1F70067D960 /* NotePersistance.swift */; };
		C01C566F2A12F2610067D960 /* CoreDataStack.swift in Sources */ = {isa = PBXBuildFile; fileRef = C01C566E2A12F2610067D960 /* CoreDataStack.swift */; };
		C01C56722A14182E0067D960 /* CreateNoteUseCase.m in Sources */ = {isa = PBXBuildFile; fileRef = C01C56712A14182E0067D960 /* CreateNoteUseCase.m */; };
		C01C56752A1441270067D960 /* ReadNoteUseCase.m in Sources */ = {isa = PBXBuildFile; fileRef = C01C56742A1441270067D960 /* ReadNoteUseCase.m */; };
		C01C567B2A14416F0067D960 /* DeleteNoteUseCase.m in Sources */ = {isa = PBXBuildFile; fileRef = C01C567A2A14416F0067D960 /* DeleteNoteUseCase.m */; };
		C01C567E2A1698670067D960 /* NotesWireframe.m in Sources */ = {isa = PBXBuildFile; fileRef = C01C567D2A1698670067D960 /* NotesWireframe.m */; };
/* End PBXBuildFile section */

/* Begin PBXFileReference section */
		C01C560B2A12A72D0067D960 /* NotesApp.app */ = {isa = PBXFileReference; explicitFileType = wrapper.application; includeInIndex = 0; path = NotesApp.app; sourceTree = BUILT_PRODUCTS_DIR; };
		C01C560E2A12A72D0067D960 /* AppDelegate.h */ = {isa = PBXFileReference; lastKnownFileType = sourcecode.c.h; path = AppDelegate.h; sourceTree = "<group>"; };
		C01C560F2A12A72D0067D960 /* AppDelegate.m */ = {isa = PBXFileReference; lastKnownFileType = sourcecode.c.objc; path = AppDelegate.m; sourceTree = "<group>"; };
		C01C56112A12A72D0067D960 /* SceneDelegate.h */ = {isa = PBXFileReference; lastKnownFileType = sourcecode.c.h; path = SceneDelegate.h; sourceTree = "<group>"; };
		C01C56122A12A72D0067D960 /* SceneDelegate.m */ = {isa = PBXFileReference; lastKnownFileType = sourcecode.c.objc; path = SceneDelegate.m; sourceTree = "<group>"; };
		C01C56142A12A72D0067D960 /* ViewController.h */ = {isa = PBXFileReference; lastKnownFileType = sourcecode.c.h; path = ViewController.h; sourceTree = "<group>"; };
		C01C56152A12A72D0067D960 /* ViewController.m */ = {isa = PBXFileReference; lastKnownFileType = sourcecode.c.objc; path = ViewController.m; sourceTree = "<group>"; };
		C01C56182A12A72D0067D960 /* Base */ = {isa = PBXFileReference; lastKnownFileType = file.storyboard; name = Base; path = Base.lproj/Main.storyboard; sourceTree = "<group>"; };
		C01C561A2A12A72E0067D960 /* Assets.xcassets */ = {isa = PBXFileReference; lastKnownFileType = folder.assetcatalog; path = Assets.xcassets; sourceTree = "<group>"; };
		C01C561D2A12A72E0067D960 /* Base */ = {isa = PBXFileReference; lastKnownFileType = file.storyboard; name = Base; path = Base.lproj/LaunchScreen.storyboard; sourceTree = "<group>"; };
		C01C561F2A12A72E0067D960 /* Info.plist */ = {isa = PBXFileReference; lastKnownFileType = text.plist.xml; path = Info.plist; sourceTree = "<group>"; };
		C01C56202A12A72E0067D960 /* main.m */ = {isa = PBXFileReference; lastKnownFileType = sourcecode.c.objc; path = main.m; sourceTree = "<group>"; };
		C01C56302A12B0D60067D960 /* ModelNote.h */ = {isa = PBXFileReference; lastKnownFileType = sourcecode.c.h; path = ModelNote.h; sourceTree = "<group>"; };
		C01C56312A12B0D60067D960 /* ModelNote.m */ = {isa = PBXFileReference; lastKnownFileType = sourcecode.c.objc; path = ModelNote.m; sourceTree = "<group>"; };
		C01C56362A12B8450067D960 /* NotesListViewController.h */ = {isa = PBXFileReference; lastKnownFileType = sourcecode.c.h; path = NotesListViewController.h; sourceTree = "<group>"; };
		C01C56372A12B8450067D960 /* NotesListViewController.m */ = {isa = PBXFileReference; lastKnownFileType = sourcecode.c.objc; path = NotesListViewController.m; sourceTree = "<group>"; };
		C01C563D2A12CE4D0067D960 /* AppModel.xcdatamodel */ = {isa = PBXFileReference; lastKnownFileType = wrapper.xcdatamodel; path = AppModel.xcdatamodel; sourceTree = "<group>"; };
		C01C566B2A12F1F70067D960 /* NotesApp-Bridging-Header.h */ = {isa = PBXFileReference; lastKnownFileType = sourcecode.c.h; path = "NotesApp-Bridging-Header.h"; sourceTree = "<group>"; };
		C01C566C2A12F1F70067D960 /* NotePersistance.swift */ = {isa = PBXFileReference; lastKnownFileType = sourcecode.swift; path = NotePersistance.swift; sourceTree = "<group>"; };
		C01C566E2A12F2610067D960 /* CoreDataStack.swift */ = {isa = PBXFileReference; lastKnownFileType = sourcecode.swift; path = CoreDataStack.swift; sourceTree = "<group>"; };
		C01C56702A14182E0067D960 /* CreateNoteUseCase.h */ = {isa = PBXFileReference; lastKnownFileType = sourcecode.c.h; path = CreateNoteUseCase.h; sourceTree = "<group>"; };
		C01C56712A14182E0067D960 /* CreateNoteUseCase.m */ = {isa = PBXFileReference; lastKnownFileType = sourcecode.c.objc; path = CreateNoteUseCase.m; sourceTree = "<group>"; };
		C01C56732A1441270067D960 /* ReadNoteUseCase.h */ = {isa = PBXFileReference; lastKnownFileType = sourcecode.c.h; path = ReadNoteUseCase.h; sourceTree = "<group>"; };
		C01C56742A1441270067D960 /* ReadNoteUseCase.m */ = {isa = PBXFileReference; lastKnownFileType = sourcecode.c.objc; path = ReadNoteUseCase.m; sourceTree = "<group>"; };
		C01C56792A14416F0067D960 /* DeleteNoteUseCase.h */ = {isa = PBXFileReference; lastKnownFileType = sourcecode.c.h; path = DeleteNoteUseCase.h; sourceTree = "<group>"; };
		C01C567A2A14416F0067D960 /* DeleteNoteUseCase.m */ = {isa = PBXFileReference; lastKnownFileType = sourcecode.c.objc; path = DeleteNoteUseCase.m; sourceTree = "<group>"; };
		C01C567C2A1698670067D960 /* NotesWireframe.h */ = {isa = PBXFileReference; lastKnownFileType = sourcecode.c.h; path = NotesWireframe.h; sourceTree = "<group>"; };
		C01C567D2A1698670067D960 /* NotesWireframe.m */ = {isa = PBXFileReference; lastKnownFileType = sourcecode.c.objc; path = NotesWireframe.m; sourceTree = "<group>"; };
/* End PBXFileReference section */

/* Begin PBXFrameworksBuildPhase section */
		C01C56082A12A72D0067D960 /* Frameworks */ = {
			isa = PBXFrameworksBuildPhase;
			buildActionMask = 2147483647;
			files = (
			);
			runOnlyForDeploymentPostprocessing = 0;
		};
/* End PBXFrameworksBuildPhase section */

/* Begin PBXGroup section */
		C01C56022A12A72D0067D960 = {
			isa = PBXGroup;
			children = (
				C01C560D2A12A72D0067D960 /* NotesApp */,
				C01C560C2A12A72D0067D960 /* Products */,
			);
			sourceTree = "<group>";
		};
		C01C560C2A12A72D0067D960 /* Products */ = {
			isa = PBXGroup;
			children = (
				C01C560B2A12A72D0067D960 /* NotesApp.app */,
			);
			name = Products;
			sourceTree = "<group>";
		};
		C01C560D2A12A72D0067D960 /* NotesApp */ = {
			isa = PBXGroup;
			children = (
				C01C56272A12ACB90067D960 /* Source */,
				C01C562A2A12AD3D0067D960 /* NotesList */,
				C01C56172A12A72D0067D960 /* Main.storyboard */,
				C01C561A2A12A72E0067D960 /* Assets.xcassets */,
				C01C561C2A12A72E0067D960 /* LaunchScreen.storyboard */,
				C01C561F2A12A72E0067D960 /* Info.plist */,
				C01C56202A12A72E0067D960 /* main.m */,
			);
			path = NotesApp;
			sourceTree = "<group>";
		};
		C01C56272A12ACB90067D960 /* Source */ = {
			isa = PBXGroup;
			children = (
				C01C563A2A12CDC00067D960 /* Persistance */,
				C01C56292A12ACE90067D960 /* SceneDelagate */,
				C01C56282A12ACD10067D960 /* AppDelagate */,
			);
			path = Source;
			sourceTree = "<group>";
		};
		C01C56282A12ACD10067D960 /* AppDelagate */ = {
			isa = PBXGroup;
			children = (
				C01C560E2A12A72D0067D960 /* AppDelegate.h */,
				C01C560F2A12A72D0067D960 /* AppDelegate.m */,
			);
			path = AppDelagate;
			sourceTree = "<group>";
		};
		C01C56292A12ACE90067D960 /* SceneDelagate */ = {
			isa = PBXGroup;
			children = (
				C01C56122A12A72D0067D960 /* SceneDelegate.m */,
				C01C56112A12A72D0067D960 /* SceneDelegate.h */,
			);
			path = SceneDelagate;
			sourceTree = "<group>";
		};
		C01C562A2A12AD3D0067D960 /* NotesList */ = {
			isa = PBXGroup;
			children = (
				C01C562F2A12AE9B0067D960 /* Wireframe */,
				C01C562E2A12AE7B0067D960 /* UseCase */,
				C01C562D2A12AE730067D960 /* Entities */,
				C01C562C2A12AE640067D960 /* Presentation */,
			);
			path = NotesList;
			sourceTree = "<group>";
		};
		C01C562C2A12AE640067D960 /* Presentation */ = {
			isa = PBXGroup;
			children = (
				C01C56152A12A72D0067D960 /* ViewController.m */,
				C01C56142A12A72D0067D960 /* ViewController.h */,
				C01C56362A12B8450067D960 /* NotesListViewController.h */,
				C01C56372A12B8450067D960 /* NotesListViewController.m */,
			);
			path = Presentation;
			sourceTree = "<group>";
		};
		C01C562D2A12AE730067D960 /* Entities */ = {
			isa = PBXGroup;
			children = (
				C01C56302A12B0D60067D960 /* ModelNote.h */,
				C01C56312A12B0D60067D960 /* ModelNote.m */,
			);
			path = Entities;
			sourceTree = "<group>";
		};
		C01C562E2A12AE7B0067D960 /* UseCase */ = {
			isa = PBXGroup;
			children = (
				C01C56702A14182E0067D960 /* CreateNoteUseCase.h */,
				C01C56712A14182E0067D960 /* CreateNoteUseCase.m */,
				C01C56732A1441270067D960 /* ReadNoteUseCase.h */,
				C01C56742A1441270067D960 /* ReadNoteUseCase.m */,
				C01C56792A14416F0067D960 /* DeleteNoteUseCase.h */,
				C01C567A2A14416F0067D960 /* DeleteNoteUseCase.m */,
			);
			path = UseCase;
			sourceTree = "<group>";
		};
		C01C562F2A12AE9B0067D960 /* Wireframe */ = {
			isa = PBXGroup;
			children = (
				C01C567C2A1698670067D960 /* NotesWireframe.h */,
				C01C567D2A1698670067D960 /* NotesWireframe.m */,
			);
			path = Wireframe;
			sourceTree = "<group>";
		};
		C01C563A2A12CDC00067D960 /* Persistance */ = {
			isa = PBXGroup;
			children = (
				C01C563B2A12CDF40067D960 /* CoreData */,
			);
			path = Persistance;
			sourceTree = "<group>";
		};
		C01C563B2A12CDF40067D960 /* CoreData */ = {
			isa = PBXGroup;
			children = (
				C01C566E2A12F2610067D960 /* CoreDataStack.swift */,
				C01C563F2A12D0A30067D960 /* CRUD */,
				C01C563C2A12CE4D0067D960 /* AppModel.xcdatamodeld */,
			);
			path = CoreData;
			sourceTree = "<group>";
		};
		C01C563F2A12D0A30067D960 /* CRUD */ = {
			isa = PBXGroup;
			children = (
				C01C566C2A12F1F70067D960 /* NotePersistance.swift */,
				C01C566B2A12F1F70067D960 /* NotesApp-Bridging-Header.h */,
			);
			path = CRUD;
			sourceTree = "<group>";
		};
/* End PBXGroup section */

/* Begin PBXNativeTarget section */
		C01C560A2A12A72D0067D960 /* NotesApp */ = {
			isa = PBXNativeTarget;
			buildConfigurationList = C01C56242A12A72E0067D960 /* Build configuration list for PBXNativeTarget "NotesApp" */;
			buildPhases = (
				C01C56072A12A72D0067D960 /* Sources */,
				C01C56082A12A72D0067D960 /* Frameworks */,
				C01C56092A12A72D0067D960 /* Resources */,
			);
			buildRules = (
			);
			dependencies = (
			);
			name = NotesApp;
			productName = NotesApp;
			productReference = C01C560B2A12A72D0067D960 /* NotesApp.app */;
			productType = "com.apple.product-type.application";
		};
/* End PBXNativeTarget section */

/* Begin PBXProject section */
		C01C56032A12A72D0067D960 /* Project object */ = {
			isa = PBXProject;
			attributes = {
				BuildIndependentTargetsInParallel = 1;
				LastUpgradeCheck = 1340;
				TargetAttributes = {
					C01C560A2A12A72D0067D960 = {
						CreatedOnToolsVersion = 13.4.1;
						LastSwiftMigration = 1340;
					};
				};
			};
			buildConfigurationList = C01C56062A12A72D0067D960 /* Build configuration list for PBXProject "NotesApp" */;
			compatibilityVersion = "Xcode 13.0";
			developmentRegion = en;
			hasScannedForEncodings = 0;
			knownRegions = (
				en,
				Base,
			);
			mainGroup = C01C56022A12A72D0067D960;
			productRefGroup = C01C560C2A12A72D0067D960 /* Products */;
			projectDirPath = "";
			projectRoot = "";
			targets = (
				C01C560A2A12A72D0067D960 /* NotesApp */,
			);
		};
/* End PBXProject section */

/* Begin PBXResourcesBuildPhase section */
		C01C56092A12A72D0067D960 /* Resources */ = {
			isa = PBXResourcesBuildPhase;
			buildActionMask = 2147483647;
			files = (
				C01C561E2A12A72E0067D960 /* LaunchScreen.storyboard in Resources */,
				C01C561B2A12A72E0067D960 /* Assets.xcassets in Resources */,
				C01C56192A12A72D0067D960 /* Main.storyboard in Resources */,
			);
			runOnlyForDeploymentPostprocessing = 0;
		};
/* End PBXResourcesBuildPhase section */

/* Begin PBXSourcesBuildPhase section */
		C01C56072A12A72D0067D960 /* Sources */ = {
			isa = PBXSourcesBuildPhase;
			buildActionMask = 2147483647;
			files = (
				C01C56162A12A72D0067D960 /* ViewController.m in Sources */,
				C01C56102A12A72D0067D960 /* AppDelegate.m in Sources */,
				C01C56212A12A72E0067D960 /* main.m in Sources */,
				C01C566F2A12F2610067D960 /* CoreDataStack.swift in Sources */,
				C01C56132A12A72D0067D960 /* SceneDelegate.m in Sources */,
				C01C56722A14182E0067D960 /* CreateNoteUseCase.m in Sources */,
				C01C56382A12B8450067D960 /* NotesListViewController.m in Sources */,
				C01C567E2A1698670067D960 /* NotesWireframe.m in Sources */,
				C01C567B2A14416F0067D960 /* DeleteNoteUseCase.m in Sources */,
				C01C56322A12B0D60067D960 /* ModelNote.m in Sources */,
				C01C563E2A12CE4D0067D960 /* AppModel.xcdatamodeld in Sources */,
				C01C566D2A12F1F70067D960 /* NotePersistance.swift in Sources */,
				C01C56752A1441270067D960 /* ReadNoteUseCase.m in Sources */,
			);
			runOnlyForDeploymentPostprocessing = 0;
		};
/* End PBXSourcesBuildPhase section */

/* Begin PBXVariantGroup section */
		C01C56172A12A72D0067D960 /* Main.storyboard */ = {
			isa = PBXVariantGroup;
			children = (
				C01C56182A12A72D0067D960 /* Base */,
			);
			name = Main.storyboard;
			sourceTree = "<group>";
		};
		C01C561C2A12A72E0067D960 /* LaunchScreen.storyboard */ = {
			isa = PBXVariantGroup;
			children = (
				C01C561D2A12A72E0067D960 /* Base */,
			);
			name = LaunchScreen.storyboard;
			sourceTree = "<group>";
		};
/* End PBXVariantGroup section */

/* Begin XCBuildConfiguration section */
		C01C56222A12A72E0067D960 /* Debug */ = {
			isa = XCBuildConfiguration;
			buildSettings = {
				ALWAYS_SEARCH_USER_PATHS = NO;
				CLANG_ANALYZER_NONNULL = YES;
				CLANG_ANALYZER_NUMBER_OBJECT_CONVERSION = YES_AGGRESSIVE;
				CLANG_CXX_LANGUAGE_STANDARD = "gnu++17";
				CLANG_ENABLE_MODULES = YES;
				CLANG_ENABLE_OBJC_ARC = YES;
				CLANG_ENABLE_OBJC_WEAK = YES;
				CLANG_WARN_BLOCK_CAPTURE_AUTORELEASING = YES;
				CLANG_WARN_BOOL_CONVERSION = YES;
				CLANG_WARN_COMMA = YES;
				CLANG_WARN_CONSTANT_CONVERSION = YES;
				CLANG_WARN_DEPRECATED_OBJC_IMPLEMENTATIONS = YES;
				CLANG_WARN_DIRECT_OBJC_ISA_USAGE = YES_ERROR;
				CLANG_WARN_DOCUMENTATION_COMMENTS = YES;
				CLANG_WARN_EMPTY_BODY = YES;
				CLANG_WARN_ENUM_CONVERSION = YES;
				CLANG_WARN_INFINITE_RECURSION = YES;
				CLANG_WARN_INT_CONVERSION = YES;
				CLANG_WARN_NON_LITERAL_NULL_CONVERSION = YES;
				CLANG_WARN_OBJC_IMPLICIT_RETAIN_SELF = YES;
				CLANG_WARN_OBJC_LITERAL_CONVERSION = YES;
				CLANG_WARN_OBJC_ROOT_CLASS = YES_ERROR;
				CLANG_WARN_QUOTED_INCLUDE_IN_FRAMEWORK_HEADER = YES;
				CLANG_WARN_RANGE_LOOP_ANALYSIS = YES;
				CLANG_WARN_STRICT_PROTOTYPES = YES;
				CLANG_WARN_SUSPICIOUS_MOVE = YES;
				CLANG_WARN_UNGUARDED_AVAILABILITY = YES_AGGRESSIVE;
				CLANG_WARN_UNREACHABLE_CODE = YES;
				CLANG_WARN__DUPLICATE_METHOD_MATCH = YES;
				COPY_PHASE_STRIP = NO;
				DEBUG_INFORMATION_FORMAT = dwarf;
				ENABLE_STRICT_OBJC_MSGSEND = YES;
				ENABLE_TESTABILITY = YES;
				GCC_C_LANGUAGE_STANDARD = gnu11;
				GCC_DYNAMIC_NO_PIC = NO;
				GCC_NO_COMMON_BLOCKS = YES;
				GCC_OPTIMIZATION_LEVEL = 0;
				GCC_PREPROCESSOR_DEFINITIONS = (
					"DEBUG=1",
					"$(inherited)",
				);
				GCC_WARN_64_TO_32_BIT_CONVERSION = YES;
				GCC_WARN_ABOUT_RETURN_TYPE = YES_ERROR;
				GCC_WARN_UNDECLARED_SELECTOR = YES;
				GCC_WARN_UNINITIALIZED_AUTOS = YES_AGGRESSIVE;
				GCC_WARN_UNUSED_FUNCTION = YES;
				GCC_WARN_UNUSED_VARIABLE = YES;
				IPHONEOS_DEPLOYMENT_TARGET = 15.5;
				MTL_ENABLE_DEBUG_INFO = INCLUDE_SOURCE;
				MTL_FAST_MATH = YES;
				ONLY_ACTIVE_ARCH = YES;
				SDKROOT = iphoneos;
			};
			name = Debug;
		};
		C01C56232A12A72E0067D960 /* Release */ = {
			isa = XCBuildConfiguration;
			buildSettings = {
				ALWAYS_SEARCH_USER_PATHS = NO;
				CLANG_ANALYZER_NONNULL = YES;
				CLANG_ANALYZER_NUMBER_OBJECT_CONVERSION = YES_AGGRESSIVE;
				CLANG_CXX_LANGUAGE_STANDARD = "gnu++17";
				CLANG_ENABLE_MODULES = YES;
				CLANG_ENABLE_OBJC_ARC = YES;
				CLANG_ENABLE_OBJC_WEAK = YES;
				CLANG_WARN_BLOCK_CAPTURE_AUTORELEASING = YES;
				CLANG_WARN_BOOL_CONVERSION = YES;
				CLANG_WARN_COMMA = YES;
				CLANG_WARN_CONSTANT_CONVERSION = YES;
				CLANG_WARN_DEPRECATED_OBJC_IMPLEMENTATIONS = YES;
				CLANG_WARN_DIRECT_OBJC_ISA_USAGE = YES_ERROR;
				CLANG_WARN_DOCUMENTATION_COMMENTS = YES;
				CLANG_WARN_EMPTY_BODY = YES;
				CLANG_WARN_ENUM_CONVERSION = YES;
				CLANG_WARN_INFINITE_RECURSION = YES;
				CLANG_WARN_INT_CONVERSION = YES;
				CLANG_WARN_NON_LITERAL_NULL_CONVERSION = YES;
				CLANG_WARN_OBJC_IMPLICIT_RETAIN_SELF = YES;
				CLANG_WARN_OBJC_LITERAL_CONVERSION = YES;
				CLANG_WARN_OBJC_ROOT_CLASS = YES_ERROR;
				CLANG_WARN_QUOTED_INCLUDE_IN_FRAMEWORK_HEADER = YES;
				CLANG_WARN_RANGE_LOOP_ANALYSIS = YES;
				CLANG_WARN_STRICT_PROTOTYPES = YES;
				CLANG_WARN_SUSPICIOUS_MOVE = YES;
				CLANG_WARN_UNGUARDED_AVAILABILITY = YES_AGGRESSIVE;
				CLANG_WARN_UNREACHABLE_CODE = YES;
				CLANG_WARN__DUPLICATE_METHOD_MATCH = YES;
				COPY_PHASE_STRIP = NO;
				DEBUG_INFORMATION_FORMAT = "dwarf-with-dsym";
				ENABLE_NS_ASSERTIONS = NO;
				ENABLE_STRICT_OBJC_MSGSEND = YES;
				GCC_C_LANGUAGE_STANDARD = gnu11;
				GCC_NO_COMMON_BLOCKS = YES;
				GCC_WARN_64_TO_32_BIT_CONVERSION = YES;
				GCC_WARN_ABOUT_RETURN_TYPE = YES_ERROR;
				GCC_WARN_UNDECLARED_SELECTOR = YES;
				GCC_WARN_UNINITIALIZED_AUTOS = YES_AGGRESSIVE;
				GCC_WARN_UNUSED_FUNCTION = YES;
				GCC_WARN_UNUSED_VARIABLE = YES;
				IPHONEOS_DEPLOYMENT_TARGET = 15.5;
				MTL_ENABLE_DEBUG_INFO = NO;
				MTL_FAST_MATH = YES;
				SDKROOT = iphoneos;
				VALIDATE_PRODUCT = YES;
			};
			name = Release;
		};
		C01C56252A12A72E0067D960 /* Debug */ = {
			isa = XCBuildConfiguration;
			buildSettings = {
				ASSETCATALOG_COMPILER_APPICON_NAME = AppIcon;
				ASSETCATALOG_COMPILER_GLOBAL_ACCENT_COLOR_NAME = AccentColor;
				CLANG_ENABLE_MODULES = YES;
				CODE_SIGN_STYLE = Automatic;
				CURRENT_PROJECT_VERSION = 1;
				GENERATE_INFOPLIST_FILE = YES;
				INFOPLIST_FILE = NotesApp/Info.plist;
				INFOPLIST_KEY_UIApplicationSupportsIndirectInputEvents = YES;
				INFOPLIST_KEY_UILaunchStoryboardName = LaunchScreen;
				INFOPLIST_KEY_UIMainStoryboardFile = Main;
				INFOPLIST_KEY_UISupportedInterfaceOrientations_iPad = "UIInterfaceOrientationPortrait UIInterfaceOrientationPortraitUpsideDown UIInterfaceOrientationLandscapeLeft UIInterfaceOrientationLandscapeRight";
				INFOPLIST_KEY_UISupportedInterfaceOrientations_iPhone = "UIInterfaceOrientationPortrait UIInterfaceOrientationLandscapeLeft UIInterfaceOrientationLandscapeRight";
				LD_RUNPATH_SEARCH_PATHS = (
					"$(inherited)",
					"@executable_path/Frameworks",
				);
				MARKETING_VERSION = 1.0;
				PRODUCT_BUNDLE_IDENTIFIER = globant.carlos.velasco.NotesApp;
				PRODUCT_NAME = "$(TARGET_NAME)";
				SWIFT_EMIT_LOC_STRINGS = YES;
				SWIFT_OBJC_BRIDGING_HEADER = "NotesApp/Source/Persistance/CoreData/CRUD/NotesApp-Bridging-Header.h";
				SWIFT_OPTIMIZATION_LEVEL = "-Onone";
				SWIFT_VERSION = 5.0;
				TARGETED_DEVICE_FAMILY = "1,2";
			};
			name = Debug;
		};
		C01C56262A12A72E0067D960 /* Release */ = {
			isa = XCBuildConfiguration;
			buildSettings = {
				ASSETCATALOG_COMPILER_APPICON_NAME = AppIcon;
				ASSETCATALOG_COMPILER_GLOBAL_ACCENT_COLOR_NAME = AccentColor;
				CLANG_ENABLE_MODULES = YES;
				CODE_SIGN_STYLE = Automatic;
				CURRENT_PROJECT_VERSION = 1;
				GENERATE_INFOPLIST_FILE = YES;
				INFOPLIST_FILE = NotesApp/Info.plist;
				INFOPLIST_KEY_UIApplicationSupportsIndirectInputEvents = YES;
				INFOPLIST_KEY_UILaunchStoryboardName = LaunchScreen;
				INFOPLIST_KEY_UIMainStoryboardFile = Main;
				INFOPLIST_KEY_UISupportedInterfaceOrientations_iPad = "UIInterfaceOrientationPortrait UIInterfaceOrientationPortraitUpsideDown UIInterfaceOrientationLandscapeLeft UIInterfaceOrientationLandscapeRight";
				INFOPLIST_KEY_UISupportedInterfaceOrientations_iPhone = "UIInterfaceOrientationPortrait UIInterfaceOrientationLandscapeLeft UIInterfaceOrientationLandscapeRight";
				LD_RUNPATH_SEARCH_PATHS = (
					"$(inherited)",
					"@executable_path/Frameworks",
				);
				MARKETING_VERSION = 1.0;
				PRODUCT_BUNDLE_IDENTIFIER = globant.carlos.velasco.NotesApp;
				PRODUCT_NAME = "$(TARGET_NAME)";
				SWIFT_EMIT_LOC_STRINGS = YES;
				SWIFT_OBJC_BRIDGING_HEADER = "NotesApp/Source/Persistance/CoreData/CRUD/NotesApp-Bridging-Header.h";
				SWIFT_VERSION = 5.0;
				TARGETED_DEVICE_FAMILY = "1,2";
			};
			name = Release;
		};
/* End XCBuildConfiguration section */

/* Begin XCConfigurationList section */
		C01C56062A12A72D0067D960 /* Build configuration list for PBXProject "NotesApp" */ = {
			isa = XCConfigurationList;
			buildConfigurations = (
				C01C56222A12A72E0067D960 /* Debug */,
				C01C56232A12A72E0067D960 /* Release */,
			);
			defaultConfigurationIsVisible = 0;
			defaultConfigurationName = Release;
		};
		C01C56242A12A72E0067D960 /* Build configuration list for PBXNativeTarget "NotesApp" */ = {
			isa = XCConfigurationList;
			buildConfigurations = (
				C01C56252A12A72E0067D960 /* Debug */,
				C01C56262A12A72E0067D960 /* Release */,
			);
			defaultConfigurationIsVisible = 0;
			defaultConfigurationName = Release;
		};
/* End XCConfigurationList section */

/* Begin XCVersionGroup section */
		C01C563C2A12CE4D0067D960 /* AppModel.xcdatamodeld */ = {
			isa = XCVersionGroup;
			children = (
				C01C563D2A12CE4D0067D960 /* AppModel.xcdatamodel */,
			);
			currentVersion = C01C563D2A12CE4D0067D960 /* AppModel.xcdatamodel */;
			path = AppModel.xcdatamodeld;
			sourceTree = "<group>";
			versionGroupType = wrapper.xcdatamodel;
		};
/* End XCVersionGroup section */
	};
	rootObject = C01C56032A12A72D0067D960 /* Project object */;
}
